
Microsoft Visual Studio Solution File, Format Version 12.00
# Visual Studio Version 16
VisualStudioVersion = 16.0.32002.261
MinimumVisualStudioVersion = 10.0.40219.1
Project("{FAE04EC0-301F-11D3-BF4B-00C04F79EFBC}") = "Kikushi_sports_System", "Kikushi_sports_System\Kikushi_sports_System.csproj", "{197D26E4-A3AC-406C-8FFD-799D00A83C6B}"
EndProject
Global
	GlobalSection(SolutionConfigurationPlatforms) = preSolution
		Debug|Any CPU = Debug|Any CPU
		Release|Any CPU = Release|Any CPU
	EndGlobalSection
	GlobalSection(ProjectConfigurationPlatforms) = postSolution
		{197D26E4-A3AC-406C-8FFD-799D00A83C6B}.Debug|Any CPU.ActiveCfg = Debug|Any CPU
		{197D26E4-A3AC-406C-8FFD-799D00A83C6B}.Debug|Any CPU.Build.0 = Debug|Any CPU
		{197D26E4-A3AC-406C-8FFD-799D00A83C6B}.Release|Any CPU.ActiveCfg = Release|Any CPU
		{197D26E4-A3AC-406C-8FFD-799D00A83C6B}.Release|Any CPU.Build.0 = Release|Any CPU
	EndGlobalSection
	GlobalSection(SolutionProperties) = preSolution
		HideSolutionNode = FALSE
	EndGlobalSection
	GlobalSection(ExtensibilityGlobals) = postSolution
		SolutionGuid = {9F31628B-CB1A-457B-B99E-7E9F8F7EF2D5}
	EndGlobalSection
EndGlobal
